
Microsoft Visual Studio Solution File, Format Version 12.00
# Visual Studio Version 16
VisualStudioVersion = 16.0.29025.244
MinimumVisualStudioVersion = 10.0.40219.1
Project("{FAE04EC0-301F-11D3-BF4B-00C04F79EFBC}") = "Reparo", "Reparo.csproj", "{649F7BEC-9033-4769-A587-E22D83D29CA6}"
EndProject
Global
	GlobalSection(SolutionConfigurationPlatforms) = preSolution
		Debug|Any CPU = Debug|Any CPU
		Release|Any CPU = Release|Any CPU
	EndGlobalSection
	GlobalSection(ProjectConfigurationPlatforms) = postSolution
		{649F7BEC-9033-4769-A587-E22D83D29CA6}.Debug|Any CPU.ActiveCfg = Debug|Any CPU
		{649F7BEC-9033-4769-A587-E22D83D29CA6}.Debug|Any CPU.Build.0 = Debug|Any CPU
		{649F7BEC-9033-4769-A587-E22D83D29CA6}.Release|Any CPU.ActiveCfg = Release|Any CPU
		{649F7BEC-9033-4769-A587-E22D83D29CA6}.Release|Any CPU.Build.0 = Release|Any CPU
	EndGlobalSection
	GlobalSection(SolutionProperties) = preSolution
		HideSolutionNode = FALSE
	EndGlobalSection
	GlobalSection(ExtensibilityGlobals) = postSolution
		SolutionGuid = {2416A5D2-25BB-4241-A349-297269EC47EB}
	EndGlobalSection
EndGlobal
